
Microsoft Visual Studio Solution File, Format Version 12.00
# Visual Studio Version 17
VisualStudioVersion = 17.13.35931.197 d17.13
MinimumVisualStudioVersion = 10.0.40219.1
Project("{FAE04EC0-301F-11D3-BF4B-00C04F79EFBC}") = "CHNU-Connect.DAL", "CHNU-Connect.DAL\CHNU-Connect.DAL.csproj", "{CD7DC633-9F33-450D-9B49-B196CC76CB91}"
	ProjectSection(ProjectDependencies) = postProject
		{E1B26B24-11EB-4D48-9193-B6504BAFC1C8} = {E1B26B24-11EB-4D48-9193-B6504BAFC1C8}
	EndProjectSection
EndProject
Project("{FAE04EC0-301F-11D3-BF4B-00C04F79EFBC}") = "CHNU-Connect.API", "CHNU-Connect.API\CHNU-Connect.API.csproj", "{E1B26B24-11EB-4D48-9193-B6504BAFC1C8}"
EndProject
Global
	GlobalSection(SolutionConfigurationPlatforms) = preSolution
		Debug|Any CPU = Debug|Any CPU
		Release|Any CPU = Release|Any CPU
	EndGlobalSection
	GlobalSection(ProjectConfigurationPlatforms) = postSolution
		{CD7DC633-9F33-450D-9B49-B196CC76CB91}.Debug|Any CPU.ActiveCfg = Debug|Any CPU
		{CD7DC633-9F33-450D-9B49-B196CC76CB91}.Debug|Any CPU.Build.0 = Debug|Any CPU
		{CD7DC633-9F33-450D-9B49-B196CC76CB91}.Release|Any CPU.ActiveCfg = Release|Any CPU
		{CD7DC633-9F33-450D-9B49-B196CC76CB91}.Release|Any CPU.Build.0 = Release|Any CPU
		{E1B26B24-11EB-4D48-9193-B6504BAFC1C8}.Debug|Any CPU.ActiveCfg = Debug|Any CPU
		{E1B26B24-11EB-4D48-9193-B6504BAFC1C8}.Debug|Any CPU.Build.0 = Debug|Any CPU
		{E1B26B24-11EB-4D48-9193-B6504BAFC1C8}.Release|Any CPU.ActiveCfg = Release|Any CPU
		{E1B26B24-11EB-4D48-9193-B6504BAFC1C8}.Release|Any CPU.Build.0 = Release|Any CPU
	EndGlobalSection
	GlobalSection(SolutionProperties) = preSolution
		HideSolutionNode = FALSE
	EndGlobalSection
	GlobalSection(ExtensibilityGlobals) = postSolution
		SolutionGuid = {9C3D81AD-F0CD-4F16-BA8A-FC0BF918A43B}
	EndGlobalSection
EndGlobal
